// !$*UTF8*$!
{
	archiveVersion = 1;
	classes = {
	};
	objectVersion = 56;
	objects = {

/* Begin PBXBuildFile section */
		8228C8B9294BA660003F7FCF /* LocationPickerViewController.swift in Sources */ = {isa = PBXBuildFile; fileRef = 8228C8B8294BA660003F7FCF /* LocationPickerViewController.swift */; };
		829382962944D822004FD71E /* NewConversationCell.swift in Sources */ = {isa = PBXBuildFile; fileRef = 829382952944D822004FD71E /* NewConversationCell.swift */; };
		82AA54C22935522A00F442D6 /* AppDelegate.swift in Sources */ = {isa = PBXBuildFile; fileRef = 82AA54C12935522A00F442D6 /* AppDelegate.swift */; };
		82AA54C42935522A00F442D6 /* SceneDelegate.swift in Sources */ = {isa = PBXBuildFile; fileRef = 82AA54C32935522A00F442D6 /* SceneDelegate.swift */; };
		82AA54C62935522A00F442D6 /* ConversationViewController.swift in Sources */ = {isa = PBXBuildFile; fileRef = 82AA54C52935522A00F442D6 /* ConversationViewController.swift */; };
		82AA54C92935522A00F442D6 /* Main.storyboard in Resources */ = {isa = PBXBuildFile; fileRef = 82AA54C72935522A00F442D6 /* Main.storyboard */; };
		82AA54CB2935522B00F442D6 /* Assets.xcassets in Resources */ = {isa = PBXBuildFile; fileRef = 82AA54CA2935522B00F442D6 /* Assets.xcassets */; };
		82AA54CE2935522B00F442D6 /* LaunchScreen.storyboard in Resources */ = {isa = PBXBuildFile; fileRef = 82AA54CC2935522B00F442D6 /* LaunchScreen.storyboard */; };
		82AA54D6293553A300F442D6 /* GoogleService-Info.plist in Resources */ = {isa = PBXBuildFile; fileRef = 82AA54D5293553A300F442D6 /* GoogleService-Info.plist */; };
		82AA54D92935600A00F442D6 /* FirebaseAuth in Frameworks */ = {isa = PBXBuildFile; productRef = 82AA54D82935600A00F442D6 /* FirebaseAuth */; };
		82AA54DB2935600A00F442D6 /* FirebaseDatabase in Frameworks */ = {isa = PBXBuildFile; productRef = 82AA54DA2935600A00F442D6 /* FirebaseDatabase */; };
		82AA54DD2935600A00F442D6 /* FirebaseDatabaseSwift in Frameworks */ = {isa = PBXBuildFile; productRef = 82AA54DC2935600A00F442D6 /* FirebaseDatabaseSwift */; };
		82AA54DF2935600A00F442D6 /* FirebaseDynamicLinks in Frameworks */ = {isa = PBXBuildFile; productRef = 82AA54DE2935600A00F442D6 /* FirebaseDynamicLinks */; };
		82AA54E12935600A00F442D6 /* FirebaseFirestore in Frameworks */ = {isa = PBXBuildFile; productRef = 82AA54E02935600A00F442D6 /* FirebaseFirestore */; };
		82AA54E32935600A00F442D6 /* FirebaseFirestoreCombine-Community in Frameworks */ = {isa = PBXBuildFile; productRef = 82AA54E22935600A00F442D6 /* FirebaseFirestoreCombine-Community */; };
		82AA54E52935600A00F442D6 /* FirebaseFirestoreSwift in Frameworks */ = {isa = PBXBuildFile; productRef = 82AA54E42935600A00F442D6 /* FirebaseFirestoreSwift */; };
		82AA54E72935600A00F442D6 /* FirebaseFunctions in Frameworks */ = {isa = PBXBuildFile; productRef = 82AA54E62935600A00F442D6 /* FirebaseFunctions */; };
		82AA54E92935600A00F442D6 /* FirebaseMessaging in Frameworks */ = {isa = PBXBuildFile; productRef = 82AA54E82935600A00F442D6 /* FirebaseMessaging */; };
		82AA54EB2935600A00F442D6 /* FirebaseRemoteConfig in Frameworks */ = {isa = PBXBuildFile; productRef = 82AA54EA2935600A00F442D6 /* FirebaseRemoteConfig */; };
		82AA54ED2935600A00F442D6 /* FirebaseRemoteConfigSwift in Frameworks */ = {isa = PBXBuildFile; productRef = 82AA54EC2935600A00F442D6 /* FirebaseRemoteConfigSwift */; };
		82AA54EF2935600A00F442D6 /* FirebaseStorage in Frameworks */ = {isa = PBXBuildFile; productRef = 82AA54EE2935600A00F442D6 /* FirebaseStorage */; };
		82AA54F12935600A00F442D6 /* FirebaseStorageCombine-Community in Frameworks */ = {isa = PBXBuildFile; productRef = 82AA54F02935600A00F442D6 /* FirebaseStorageCombine-Community */; };
		82AA54F92935622900F442D6 /* LoginViewController.swift in Sources */ = {isa = PBXBuildFile; fileRef = 82AA54F82935622900F442D6 /* LoginViewController.swift */; };
		82AA54FB2935623700F442D6 /* RegisterViewController.swift in Sources */ = {isa = PBXBuildFile; fileRef = 82AA54FA2935623700F442D6 /* RegisterViewController.swift */; };
		82AA54FD2935626800F442D6 /* PhotoViewerViewController.swift in Sources */ = {isa = PBXBuildFile; fileRef = 82AA54FC2935626800F442D6 /* PhotoViewerViewController.swift */; };
		82AA54FF2935628E00F442D6 /* VideoPlayerViewController.swift in Sources */ = {isa = PBXBuildFile; fileRef = 82AA54FE2935628E00F442D6 /* VideoPlayerViewController.swift */; };
		82AA5501293562A400F442D6 /* NewConversationViewController.swift in Sources */ = {isa = PBXBuildFile; fileRef = 82AA5500293562A400F442D6 /* NewConversationViewController.swift */; };
		82AA55032935637A00F442D6 /* ProfileViewController.swift in Sources */ = {isa = PBXBuildFile; fileRef = 82AA55022935637A00F442D6 /* ProfileViewController.swift */; };
		82AA550529362B9100F442D6 /* Extencion.swift in Sources */ = {isa = PBXBuildFile; fileRef = 82AA550429362B9100F442D6 /* Extencion.swift */; };
		82AA55072936A9A900F442D6 /* DataBaseManager.swift in Sources */ = {isa = PBXBuildFile; fileRef = 82AA55062936A9A900F442D6 /* DataBaseManager.swift */; };
		82AA550A29379CFC00F442D6 /* MessageKit in Frameworks */ = {isa = PBXBuildFile; productRef = 82AA550929379CFC00F442D6 /* MessageKit */; };
		82AA550D29379DB300F442D6 /* SDWebImage in Frameworks */ = {isa = PBXBuildFile; productRef = 82AA550C29379DB300F442D6 /* SDWebImage */; };
		82AA550F29379DB300F442D6 /* SDWebImageMapKit in Frameworks */ = {isa = PBXBuildFile; productRef = 82AA550E29379DB300F442D6 /* SDWebImageMapKit */; };
		82AA551229379E2400F442D6 /* JGProgressHUD in Frameworks */ = {isa = PBXBuildFile; productRef = 82AA551129379E2400F442D6 /* JGProgressHUD */; };
		82AA55152937A4BE00F442D6 /* Realm in Frameworks */ = {isa = PBXBuildFile; productRef = 82AA55142937A4BE00F442D6 /* Realm */; };
		82AA55172937A4BE00F442D6 /* RealmSwift in Frameworks */ = {isa = PBXBuildFile; productRef = 82AA55162937A4BE00F442D6 /* RealmSwift */; };
		82AA55192937B83000F442D6 /* ChatViewController.swift in Sources */ = {isa = PBXBuildFile; fileRef = 82AA55182937B83000F442D6 /* ChatViewController.swift */; };
		82AA551B2937D8E200F442D6 /* StorageManager.swift in Sources */ = {isa = PBXBuildFile; fileRef = 82AA551A2937D8E200F442D6 /* StorageManager.swift */; };
		82AA551F293A808E00F442D6 /* ConversationTableViewCell.swift in Sources */ = {isa = PBXBuildFile; fileRef = 82AA551E293A808E00F442D6 /* ConversationTableViewCell.swift */; };
/* End PBXBuildFile section */

/* Begin PBXFileReference section */
		8228C8B8294BA660003F7FCF /* LocationPickerViewController.swift */ = {isa = PBXFileReference; lastKnownFileType = sourcecode.swift; path = LocationPickerViewController.swift; sourceTree = "<group>"; };
		829382952944D822004FD71E /* NewConversationCell.swift */ = {isa = PBXFileReference; lastKnownFileType = sourcecode.swift; path = NewConversationCell.swift; sourceTree = "<group>"; };
		82AA54BE2935522A00F442D6 /* chatTecoNico.app */ = {isa = PBXFileReference; explicitFileType = wrapper.application; includeInIndex = 0; path = chatTecoNico.app; sourceTree = BUILT_PRODUCTS_DIR; };
		82AA54C12935522A00F442D6 /* AppDelegate.swift */ = {isa = PBXFileReference; lastKnownFileType = sourcecode.swift; path = AppDelegate.swift; sourceTree = "<group>"; };
		82AA54C32935522A00F442D6 /* SceneDelegate.swift */ = {isa = PBXFileReference; lastKnownFileType = sourcecode.swift; path = SceneDelegate.swift; sourceTree = "<group>"; };
		82AA54C52935522A00F442D6 /* ConversationViewController.swift */ = {isa = PBXFileReference; lastKnownFileType = sourcecode.swift; path = ConversationViewController.swift; sourceTree = "<group>"; };
		82AA54C82935522A00F442D6 /* Base */ = {isa = PBXFileReference; lastKnownFileType = file.storyboard; name = Base; path = Base.lproj/Main.storyboard; sourceTree = "<group>"; };
		82AA54CA2935522B00F442D6 /* Assets.xcassets */ = {isa = PBXFileReference; lastKnownFileType = folder.assetcatalog; path = Assets.xcassets; sourceTree = "<group>"; };
		82AA54CD2935522B00F442D6 /* Base */ = {isa = PBXFileReference; lastKnownFileType = file.storyboard; name = Base; path = Base.lproj/LaunchScreen.storyboard; sourceTree = "<group>"; };
		82AA54CF2935522B00F442D6 /* Info.plist */ = {isa = PBXFileReference; lastKnownFileType = text.plist.xml; path = Info.plist; sourceTree = "<group>"; };
		82AA54D5293553A300F442D6 /* GoogleService-Info.plist */ = {isa = PBXFileReference; fileEncoding = 4; lastKnownFileType = text.plist.xml; path = "GoogleService-Info.plist"; sourceTree = "<group>"; };
		82AA54F82935622900F442D6 /* LoginViewController.swift */ = {isa = PBXFileReference; lastKnownFileType = sourcecode.swift; path = LoginViewController.swift; sourceTree = "<group>"; };
		82AA54FA2935623700F442D6 /* RegisterViewController.swift */ = {isa = PBXFileReference; lastKnownFileType = sourcecode.swift; path = RegisterViewController.swift; sourceTree = "<group>"; };
		82AA54FC2935626800F442D6 /* PhotoViewerViewController.swift */ = {isa = PBXFileReference; lastKnownFileType = sourcecode.swift; path = PhotoViewerViewController.swift; sourceTree = "<group>"; };
		82AA54FE2935628E00F442D6 /* VideoPlayerViewController.swift */ = {isa = PBXFileReference; lastKnownFileType = sourcecode.swift; path = VideoPlayerViewController.swift; sourceTree = "<group>"; };
		82AA5500293562A400F442D6 /* NewConversationViewController.swift */ = {isa = PBXFileReference; lastKnownFileType = sourcecode.swift; path = NewConversationViewController.swift; sourceTree = "<group>"; };
		82AA55022935637A00F442D6 /* ProfileViewController.swift */ = {isa = PBXFileReference; lastKnownFileType = sourcecode.swift; path = ProfileViewController.swift; sourceTree = "<group>"; };
		82AA550429362B9100F442D6 /* Extencion.swift */ = {isa = PBXFileReference; lastKnownFileType = sourcecode.swift; path = Extencion.swift; sourceTree = "<group>"; };
		82AA55062936A9A900F442D6 /* DataBaseManager.swift */ = {isa = PBXFileReference; lastKnownFileType = sourcecode.swift; path = DataBaseManager.swift; sourceTree = "<group>"; };
		82AA55182937B83000F442D6 /* ChatViewController.swift */ = {isa = PBXFileReference; lastKnownFileType = sourcecode.swift; path = ChatViewController.swift; sourceTree = "<group>"; };
		82AA551A2937D8E200F442D6 /* StorageManager.swift */ = {isa = PBXFileReference; lastKnownFileType = sourcecode.swift; path = StorageManager.swift; sourceTree = "<group>"; };
		82AA551E293A808E00F442D6 /* ConversationTableViewCell.swift */ = {isa = PBXFileReference; lastKnownFileType = sourcecode.swift; path = ConversationTableViewCell.swift; sourceTree = "<group>"; };
/* End PBXFileReference section */

/* Begin PBXFrameworksBuildPhase section */
		82AA54BB2935522A00F442D6 /* Frameworks */ = {
			isa = PBXFrameworksBuildPhase;
			buildActionMask = 2147483647;
			files = (
				82AA55172937A4BE00F442D6 /* RealmSwift in Frameworks */,
				82AA54E92935600A00F442D6 /* FirebaseMessaging in Frameworks */,
				82AA54DD2935600A00F442D6 /* FirebaseDatabaseSwift in Frameworks */,
				82AA54DB2935600A00F442D6 /* FirebaseDatabase in Frameworks */,
				82AA550A29379CFC00F442D6 /* MessageKit in Frameworks */,
				82AA54F12935600A00F442D6 /* FirebaseStorageCombine-Community in Frameworks */,
				82AA54D92935600A00F442D6 /* FirebaseAuth in Frameworks */,
				82AA55152937A4BE00F442D6 /* Realm in Frameworks */,
				82AA54E72935600A00F442D6 /* FirebaseFunctions in Frameworks */,
				82AA54EF2935600A00F442D6 /* FirebaseStorage in Frameworks */,
				82AA54ED2935600A00F442D6 /* FirebaseRemoteConfigSwift in Frameworks */,
				82AA550D29379DB300F442D6 /* SDWebImage in Frameworks */,
				82AA54E52935600A00F442D6 /* FirebaseFirestoreSwift in Frameworks */,
				82AA54E32935600A00F442D6 /* FirebaseFirestoreCombine-Community in Frameworks */,
				82AA54E12935600A00F442D6 /* FirebaseFirestore in Frameworks */,
				82AA54DF2935600A00F442D6 /* FirebaseDynamicLinks in Frameworks */,
				82AA551229379E2400F442D6 /* JGProgressHUD in Frameworks */,
				82AA550F29379DB300F442D6 /* SDWebImageMapKit in Frameworks */,
				82AA54EB2935600A00F442D6 /* FirebaseRemoteConfig in Frameworks */,
			);
			runOnlyForDeploymentPostprocessing = 0;
		};
/* End PBXFrameworksBuildPhase section */

/* Begin PBXGroup section */
		82AA54B52935522A00F442D6 = {
			isa = PBXGroup;
			children = (
				82AA54C02935522A00F442D6 /* chatTecoNico */,
				82AA54BF2935522A00F442D6 /* Products */,
			);
			sourceTree = "<group>";
		};
		82AA54BF2935522A00F442D6 /* Products */ = {
			isa = PBXGroup;
			children = (
				82AA54BE2935522A00F442D6 /* chatTecoNico.app */,
			);
			name = Products;
			sourceTree = "<group>";
		};
		82AA54C02935522A00F442D6 /* chatTecoNico */ = {
			isa = PBXGroup;
			children = (
				82AA54C32935522A00F442D6 /* SceneDelegate.swift */,
				82AA54C12935522A00F442D6 /* AppDelegate.swift */,
				82AA54F6293560DE00F442D6 /* Controllers */,
				82AA54F5293560C000F442D6 /* Resources */,
				82AA54F4293560B400F442D6 /* ViewModel */,
				82AA54F3293560A600F442D6 /* Model */,
				82AA54F22935609800F442D6 /* Views */,
				82AA54CF2935522B00F442D6 /* Info.plist */,
				82AA54D5293553A300F442D6 /* GoogleService-Info.plist */,
			);
			path = chatTecoNico;
			sourceTree = "<group>";
		};
		82AA54F22935609800F442D6 /* Views */ = {
			isa = PBXGroup;
			children = (
				82AA54F72935610200F442D6 /* Storyboards */,
				82AA54CA2935522B00F442D6 /* Assets.xcassets */,
				82AA551E293A808E00F442D6 /* ConversationTableViewCell.swift */,
			);
			path = Views;
			sourceTree = "<group>";
		};
		82AA54F3293560A600F442D6 /* Model */ = {
			isa = PBXGroup;
			children = (
			);
			path = Model;
			sourceTree = "<group>";
		};
		82AA54F4293560B400F442D6 /* ViewModel */ = {
			isa = PBXGroup;
			children = (
			);
			path = ViewModel;
			sourceTree = "<group>";
		};
		82AA54F5293560C000F442D6 /* Resources */ = {
			isa = PBXGroup;
			children = (
				82AA550429362B9100F442D6 /* Extencion.swift */,
				82AA55062936A9A900F442D6 /* DataBaseManager.swift */,
				82AA551A2937D8E200F442D6 /* StorageManager.swift */,
			);
			path = Resources;
			sourceTree = "<group>";
		};
		82AA54F6293560DE00F442D6 /* Controllers */ = {
			isa = PBXGroup;
			children = (
				82AA54C52935522A00F442D6 /* ConversationViewController.swift */,
				82AA54F82935622900F442D6 /* LoginViewController.swift */,
				82AA54FA2935623700F442D6 /* RegisterViewController.swift */,
				82AA54FC2935626800F442D6 /* PhotoViewerViewController.swift */,
				82AA54FE2935628E00F442D6 /* VideoPlayerViewController.swift */,
				82AA5500293562A400F442D6 /* NewConversationViewController.swift */,
				82AA55022935637A00F442D6 /* ProfileViewController.swift */,
				82AA55182937B83000F442D6 /* ChatViewController.swift */,
				829382952944D822004FD71E /* NewConversationCell.swift */,
				8228C8B8294BA660003F7FCF /* LocationPickerViewController.swift */,
			);
			path = Controllers;
			sourceTree = "<group>";
		};
		82AA54F72935610200F442D6 /* Storyboards */ = {
			isa = PBXGroup;
			children = (
				82AA54C72935522A00F442D6 /* Main.storyboard */,
				82AA54CC2935522B00F442D6 /* LaunchScreen.storyboard */,
			);
			path = Storyboards;
			sourceTree = "<group>";
		};
/* End PBXGroup section */

/* Begin PBXNativeTarget section */
		82AA54BD2935522A00F442D6 /* chatTecoNico */ = {
			isa = PBXNativeTarget;
			buildConfigurationList = 82AA54D22935522B00F442D6 /* Build configuration list for PBXNativeTarget "chatTecoNico" */;
			buildPhases = (
				82AA54BA2935522A00F442D6 /* Sources */,
				82AA54BB2935522A00F442D6 /* Frameworks */,
				82AA54BC2935522A00F442D6 /* Resources */,
			);
			buildRules = (
			);
			dependencies = (
			);
			name = chatTecoNico;
			packageProductDependencies = (
				82AA54D82935600A00F442D6 /* FirebaseAuth */,
				82AA54DA2935600A00F442D6 /* FirebaseDatabase */,
				82AA54DC2935600A00F442D6 /* FirebaseDatabaseSwift */,
				82AA54DE2935600A00F442D6 /* FirebaseDynamicLinks */,
				82AA54E02935600A00F442D6 /* FirebaseFirestore */,
				82AA54E22935600A00F442D6 /* FirebaseFirestoreCombine-Community */,
				82AA54E42935600A00F442D6 /* FirebaseFirestoreSwift */,
				82AA54E62935600A00F442D6 /* FirebaseFunctions */,
				82AA54E82935600A00F442D6 /* FirebaseMessaging */,
				82AA54EA2935600A00F442D6 /* FirebaseRemoteConfig */,
				82AA54EC2935600A00F442D6 /* FirebaseRemoteConfigSwift */,
				82AA54EE2935600A00F442D6 /* FirebaseStorage */,
				82AA54F02935600A00F442D6 /* FirebaseStorageCombine-Community */,
				82AA550929379CFC00F442D6 /* MessageKit */,
				82AA550C29379DB300F442D6 /* SDWebImage */,
				82AA550E29379DB300F442D6 /* SDWebImageMapKit */,
				82AA551129379E2400F442D6 /* JGProgressHUD */,
				82AA55142937A4BE00F442D6 /* Realm */,
				82AA55162937A4BE00F442D6 /* RealmSwift */,
			);
			productName = chatTecoNico;
			productReference = 82AA54BE2935522A00F442D6 /* chatTecoNico.app */;
			productType = "com.apple.product-type.application";
		};
/* End PBXNativeTarget section */

/* Begin PBXProject section */
		82AA54B62935522A00F442D6 /* Project object */ = {
			isa = PBXProject;
			attributes = {
				BuildIndependentTargetsInParallel = 1;
				LastSwiftUpdateCheck = 1410;
				LastUpgradeCheck = 1410;
				TargetAttributes = {
					82AA54BD2935522A00F442D6 = {
						CreatedOnToolsVersion = 14.1;
					};
				};
			};
			buildConfigurationList = 82AA54B92935522A00F442D6 /* Build configuration list for PBXProject "chatTecoNico" */;
			compatibilityVersion = "Xcode 14.0";
			developmentRegion = en;
			hasScannedForEncodings = 0;
			knownRegions = (
				en,
				Base,
			);
			mainGroup = 82AA54B52935522A00F442D6;
			packageReferences = (
				82AA54D72935600A00F442D6 /* XCRemoteSwiftPackageReference "firebase-ios-sdk" */,
				82AA550829379CFC00F442D6 /* XCRemoteSwiftPackageReference "MessageKit" */,
				82AA550B29379DB300F442D6 /* XCRemoteSwiftPackageReference "SDWebImage" */,
				82AA551029379E2400F442D6 /* XCRemoteSwiftPackageReference "JGProgressHUD" */,
				82AA55132937A4BE00F442D6 /* XCRemoteSwiftPackageReference "realm-swift" */,
			);
			productRefGroup = 82AA54BF2935522A00F442D6 /* Products */;
			projectDirPath = "";
			projectRoot = "";
			targets = (
				82AA54BD2935522A00F442D6 /* chatTecoNico */,
			);
		};
/* End PBXProject section */

/* Begin PBXResourcesBuildPhase section */
		82AA54BC2935522A00F442D6 /* Resources */ = {
			isa = PBXResourcesBuildPhase;
			buildActionMask = 2147483647;
			files = (
				82AA54CE2935522B00F442D6 /* LaunchScreen.storyboard in Resources */,
				82AA54D6293553A300F442D6 /* GoogleService-Info.plist in Resources */,
				82AA54CB2935522B00F442D6 /* Assets.xcassets in Resources */,
				82AA54C92935522A00F442D6 /* Main.storyboard in Resources */,
			);
			runOnlyForDeploymentPostprocessing = 0;
		};
/* End PBXResourcesBuildPhase section */

/* Begin PBXSourcesBuildPhase section */
		82AA54BA2935522A00F442D6 /* Sources */ = {
			isa = PBXSourcesBuildPhase;
			buildActionMask = 2147483647;
			files = (
				82AA54F92935622900F442D6 /* LoginViewController.swift in Sources */,
				829382962944D822004FD71E /* NewConversationCell.swift in Sources */,
				82AA550529362B9100F442D6 /* Extencion.swift in Sources */,
				82AA54FB2935623700F442D6 /* RegisterViewController.swift in Sources */,
				82AA5501293562A400F442D6 /* NewConversationViewController.swift in Sources */,
				82AA54C62935522A00F442D6 /* ConversationViewController.swift in Sources */,
				82AA54FF2935628E00F442D6 /* VideoPlayerViewController.swift in Sources */,
				82AA54C22935522A00F442D6 /* AppDelegate.swift in Sources */,
				82AA55032935637A00F442D6 /* ProfileViewController.swift in Sources */,
				82AA54C42935522A00F442D6 /* SceneDelegate.swift in Sources */,
				82AA54FD2935626800F442D6 /* PhotoViewerViewController.swift in Sources */,
				82AA551F293A808E00F442D6 /* ConversationTableViewCell.swift in Sources */,
				82AA55192937B83000F442D6 /* ChatViewController.swift in Sources */,
				82AA55072936A9A900F442D6 /* DataBaseManager.swift in Sources */,
				82AA551B2937D8E200F442D6 /* StorageManager.swift in Sources */,
				8228C8B9294BA660003F7FCF /* LocationPickerViewController.swift in Sources */,
			);
			runOnlyForDeploymentPostprocessing = 0;
		};
/* End PBXSourcesBuildPhase section */

/* Begin PBXVariantGroup section */
		82AA54C72935522A00F442D6 /* Main.storyboard */ = {
			isa = PBXVariantGroup;
			children = (
				82AA54C82935522A00F442D6 /* Base */,
			);
			name = Main.storyboard;
			sourceTree = "<group>";
		};
		82AA54CC2935522B00F442D6 /* LaunchScreen.storyboard */ = {
			isa = PBXVariantGroup;
			children = (
				82AA54CD2935522B00F442D6 /* Base */,
			);
			name = LaunchScreen.storyboard;
			sourceTree = "<group>";
		};
/* End PBXVariantGroup section */

/* Begin XCBuildConfiguration section */
		82AA54D02935522B00F442D6 /* Debug */ = {
			isa = XCBuildConfiguration;
			buildSettings = {
				ALWAYS_SEARCH_USER_PATHS = NO;
				CLANG_ANALYZER_NONNULL = YES;
				CLANG_ANALYZER_NUMBER_OBJECT_CONVERSION = YES_AGGRESSIVE;
				CLANG_CXX_LANGUAGE_STANDARD = "gnu++20";
				CLANG_ENABLE_MODULES = YES;
				CLANG_ENABLE_OBJC_ARC = YES;
				CLANG_ENABLE_OBJC_WEAK = YES;
				CLANG_WARN_BLOCK_CAPTURE_AUTORELEASING = YES;
				CLANG_WARN_BOOL_CONVERSION = YES;
				CLANG_WARN_COMMA = YES;
				CLANG_WARN_CONSTANT_CONVERSION = YES;
				CLANG_WARN_DEPRECATED_OBJC_IMPLEMENTATIONS = YES;
				CLANG_WARN_DIRECT_OBJC_ISA_USAGE = YES_ERROR;
				CLANG_WARN_DOCUMENTATION_COMMENTS = YES;
				CLANG_WARN_EMPTY_BODY = YES;
				CLANG_WARN_ENUM_CONVERSION = YES;
				CLANG_WARN_INFINITE_RECURSION = YES;
				CLANG_WARN_INT_CONVERSION = YES;
				CLANG_WARN_NON_LITERAL_NULL_CONVERSION = YES;
				CLANG_WARN_OBJC_IMPLICIT_RETAIN_SELF = YES;
				CLANG_WARN_OBJC_LITERAL_CONVERSION = YES;
				CLANG_WARN_OBJC_ROOT_CLASS = YES_ERROR;
				CLANG_WARN_QUOTED_INCLUDE_IN_FRAMEWORK_HEADER = YES;
				CLANG_WARN_RANGE_LOOP_ANALYSIS = YES;
				CLANG_WARN_STRICT_PROTOTYPES = YES;
				CLANG_WARN_SUSPICIOUS_MOVE = YES;
				CLANG_WARN_UNGUARDED_AVAILABILITY = YES_AGGRESSIVE;
				CLANG_WARN_UNREACHABLE_CODE = YES;
				CLANG_WARN__DUPLICATE_METHOD_MATCH = YES;
				COPY_PHASE_STRIP = NO;
				DEBUG_INFORMATION_FORMAT = dwarf;
				ENABLE_STRICT_OBJC_MSGSEND = YES;
				ENABLE_TESTABILITY = YES;
				GCC_C_LANGUAGE_STANDARD = gnu11;
				GCC_DYNAMIC_NO_PIC = NO;
				GCC_NO_COMMON_BLOCKS = YES;
				GCC_OPTIMIZATION_LEVEL = 0;
				GCC_PREPROCESSOR_DEFINITIONS = (
					"DEBUG=1",
					"$(inherited)",
				);
				GCC_WARN_64_TO_32_BIT_CONVERSION = YES;
				GCC_WARN_ABOUT_RETURN_TYPE = YES_ERROR;
				GCC_WARN_UNDECLARED_SELECTOR = YES;
				GCC_WARN_UNINITIALIZED_AUTOS = YES_AGGRESSIVE;
				GCC_WARN_UNUSED_FUNCTION = YES;
				GCC_WARN_UNUSED_VARIABLE = YES;
				IPHONEOS_DEPLOYMENT_TARGET = 16.1;
				MTL_ENABLE_DEBUG_INFO = INCLUDE_SOURCE;
				MTL_FAST_MATH = YES;
				ONLY_ACTIVE_ARCH = YES;
				SDKROOT = iphoneos;
				SWIFT_ACTIVE_COMPILATION_CONDITIONS = DEBUG;
				SWIFT_OPTIMIZATION_LEVEL = "-Onone";
			};
			name = Debug;
		};
		82AA54D12935522B00F442D6 /* Release */ = {
			isa = XCBuildConfiguration;
			buildSettings = {
				ALWAYS_SEARCH_USER_PATHS = NO;
				CLANG_ANALYZER_NONNULL = YES;
				CLANG_ANALYZER_NUMBER_OBJECT_CONVERSION = YES_AGGRESSIVE;
				CLANG_CXX_LANGUAGE_STANDARD = "gnu++20";
				CLANG_ENABLE_MODULES = YES;
				CLANG_ENABLE_OBJC_ARC = YES;
				CLANG_ENABLE_OBJC_WEAK = YES;
				CLANG_WARN_BLOCK_CAPTURE_AUTORELEASING = YES;
				CLANG_WARN_BOOL_CONVERSION = YES;
				CLANG_WARN_COMMA = YES;
				CLANG_WARN_CONSTANT_CONVERSION = YES;
				CLANG_WARN_DEPRECATED_OBJC_IMPLEMENTATIONS = YES;
				CLANG_WARN_DIRECT_OBJC_ISA_USAGE = YES_ERROR;
				CLANG_WARN_DOCUMENTATION_COMMENTS = YES;
				CLANG_WARN_EMPTY_BODY = YES;
				CLANG_WARN_ENUM_CONVERSION = YES;
				CLANG_WARN_INFINITE_RECURSION = YES;
				CLANG_WARN_INT_CONVERSION = YES;
				CLANG_WARN_NON_LITERAL_NULL_CONVERSION = YES;
				CLANG_WARN_OBJC_IMPLICIT_RETAIN_SELF = YES;
				CLANG_WARN_OBJC_LITERAL_CONVERSION = YES;
				CLANG_WARN_OBJC_ROOT_CLASS = YES_ERROR;
				CLANG_WARN_QUOTED_INCLUDE_IN_FRAMEWORK_HEADER = YES;
				CLANG_WARN_RANGE_LOOP_ANALYSIS = YES;
				CLANG_WARN_STRICT_PROTOTYPES = YES;
				CLANG_WARN_SUSPICIOUS_MOVE = YES;
				CLANG_WARN_UNGUARDED_AVAILABILITY = YES_AGGRESSIVE;
				CLANG_WARN_UNREACHABLE_CODE = YES;
				CLANG_WARN__DUPLICATE_METHOD_MATCH = YES;
				COPY_PHASE_STRIP = NO;
				DEBUG_INFORMATION_FORMAT = "dwarf-with-dsym";
				ENABLE_NS_ASSERTIONS = NO;
				ENABLE_STRICT_OBJC_MSGSEND = YES;
				GCC_C_LANGUAGE_STANDARD = gnu11;
				GCC_NO_COMMON_BLOCKS = YES;
				GCC_WARN_64_TO_32_BIT_CONVERSION = YES;
				GCC_WARN_ABOUT_RETURN_TYPE = YES_ERROR;
				GCC_WARN_UNDECLARED_SELECTOR = YES;
				GCC_WARN_UNINITIALIZED_AUTOS = YES_AGGRESSIVE;
				GCC_WARN_UNUSED_FUNCTION = YES;
				GCC_WARN_UNUSED_VARIABLE = YES;
				IPHONEOS_DEPLOYMENT_TARGET = 16.1;
				MTL_ENABLE_DEBUG_INFO = NO;
				MTL_FAST_MATH = YES;
				SDKROOT = iphoneos;
				SWIFT_COMPILATION_MODE = wholemodule;
				SWIFT_OPTIMIZATION_LEVEL = "-O";
				VALIDATE_PRODUCT = YES;
			};
			name = Release;
		};
		82AA54D32935522B00F442D6 /* Debug */ = {
			isa = XCBuildConfiguration;
			buildSettings = {
				ASSETCATALOG_COMPILER_APPICON_NAME = AppIcon;
				ASSETCATALOG_COMPILER_GLOBAL_ACCENT_COLOR_NAME = AccentColor;
				CODE_SIGN_STYLE = Automatic;
				CURRENT_PROJECT_VERSION = 1;
				DEVELOPMENT_TEAM = GP4P669DH8;
				GENERATE_INFOPLIST_FILE = YES;
				INFOPLIST_FILE = chatTecoNico/Info.plist;
				INFOPLIST_KEY_UIApplicationSupportsIndirectInputEvents = YES;
				INFOPLIST_KEY_UILaunchStoryboardName = LaunchScreen;
				INFOPLIST_KEY_UIMainStoryboardFile = Main;
				INFOPLIST_KEY_UISupportedInterfaceOrientations = UIInterfaceOrientationPortrait;
				LD_RUNPATH_SEARCH_PATHS = (
					"$(inherited)",
					"@executable_path/Frameworks",
				);
				MARKETING_VERSION = 1.0;
				PRODUCT_BUNDLE_IDENTIFIER = dolinkue.chatTecoNico;
				PRODUCT_NAME = "$(TARGET_NAME)";
				SWIFT_EMIT_LOC_STRINGS = YES;
				SWIFT_VERSION = 5.0;
				TARGETED_DEVICE_FAMILY = "1,2";
			};
			name = Debug;
		};
		82AA54D42935522B00F442D6 /* Release */ = {
			isa = XCBuildConfiguration;
			buildSettings = {
				ASSETCATALOG_COMPILER_APPICON_NAME = AppIcon;
				ASSETCATALOG_COMPILER_GLOBAL_ACCENT_COLOR_NAME = AccentColor;
				CODE_SIGN_STYLE = Automatic;
				CURRENT_PROJECT_VERSION = 1;
				DEVELOPMENT_TEAM = GP4P669DH8;
				GENERATE_INFOPLIST_FILE = YES;
				INFOPLIST_FILE = chatTecoNico/Info.plist;
				INFOPLIST_KEY_UIApplicationSupportsIndirectInputEvents = YES;
				INFOPLIST_KEY_UILaunchStoryboardName = LaunchScreen;
				INFOPLIST_KEY_UIMainStoryboardFile = Main;
				INFOPLIST_KEY_UISupportedInterfaceOrientations = UIInterfaceOrientationPortrait;
				LD_RUNPATH_SEARCH_PATHS = (
					"$(inherited)",
					"@executable_path/Frameworks",
				);
				MARKETING_VERSION = 1.0;
				PRODUCT_BUNDLE_IDENTIFIER = dolinkue.chatTecoNico;
				PRODUCT_NAME = "$(TARGET_NAME)";
				SWIFT_EMIT_LOC_STRINGS = YES;
				SWIFT_VERSION = 5.0;
				TARGETED_DEVICE_FAMILY = "1,2";
			};
			name = Release;
		};
/* End XCBuildConfiguration section */

/* Begin XCConfigurationList section */
		82AA54B92935522A00F442D6 /* Build configuration list for PBXProject "chatTecoNico" */ = {
			isa = XCConfigurationList;
			buildConfigurations = (
				82AA54D02935522B00F442D6 /* Debug */,
				82AA54D12935522B00F442D6 /* Release */,
			);
			defaultConfigurationIsVisible = 0;
			defaultConfigurationName = Release;
		};
		82AA54D22935522B00F442D6 /* Build configuration list for PBXNativeTarget "chatTecoNico" */ = {
			isa = XCConfigurationList;
			buildConfigurations = (
				82AA54D32935522B00F442D6 /* Debug */,
				82AA54D42935522B00F442D6 /* Release */,
			);
			defaultConfigurationIsVisible = 0;
			defaultConfigurationName = Release;
		};
/* End XCConfigurationList section */

/* Begin XCRemoteSwiftPackageReference section */
		82AA54D72935600A00F442D6 /* XCRemoteSwiftPackageReference "firebase-ios-sdk" */ = {
			isa = XCRemoteSwiftPackageReference;
			repositoryURL = "https://github.com/firebase/firebase-ios-sdk";
			requirement = {
				kind = upToNextMajorVersion;
				minimumVersion = 9.0.0;
			};
		};
		82AA550829379CFC00F442D6 /* XCRemoteSwiftPackageReference "MessageKit" */ = {
			isa = XCRemoteSwiftPackageReference;
			repositoryURL = "https://github.com/MessageKit/MessageKit";
			requirement = {
				branch = main;
				kind = branch;
			};
		};
		82AA550B29379DB300F442D6 /* XCRemoteSwiftPackageReference "SDWebImage" */ = {
			isa = XCRemoteSwiftPackageReference;
			repositoryURL = "https://github.com/SDWebImage/SDWebImage";
			requirement = {
				kind = upToNextMajorVersion;
				minimumVersion = 5.0.0;
			};
		};
		82AA551029379E2400F442D6 /* XCRemoteSwiftPackageReference "JGProgressHUD" */ = {
			isa = XCRemoteSwiftPackageReference;
			repositoryURL = "https://github.com/JonasGessner/JGProgressHUD";
			requirement = {
				kind = upToNextMajorVersion;
				minimumVersion = 2.0.0;
			};
		};
		82AA55132937A4BE00F442D6 /* XCRemoteSwiftPackageReference "realm-swift" */ = {
			isa = XCRemoteSwiftPackageReference;
			repositoryURL = "https://github.com/realm/realm-swift";
			requirement = {
				branch = master;
				kind = branch;
			};
		};
/* End XCRemoteSwiftPackageReference section */

/* Begin XCSwiftPackageProductDependency section */
		82AA54D82935600A00F442D6 /* FirebaseAuth */ = {
			isa = XCSwiftPackageProductDependency;
			package = 82AA54D72935600A00F442D6 /* XCRemoteSwiftPackageReference "firebase-ios-sdk" */;
			productName = FirebaseAuth;
		};
		82AA54DA2935600A00F442D6 /* FirebaseDatabase */ = {
			isa = XCSwiftPackageProductDependency;
			package = 82AA54D72935600A00F442D6 /* XCRemoteSwiftPackageReference "firebase-ios-sdk" */;
			productName = FirebaseDatabase;
		};
		82AA54DC2935600A00F442D6 /* FirebaseDatabaseSwift */ = {
			isa = XCSwiftPackageProductDependency;
			package = 82AA54D72935600A00F442D6 /* XCRemoteSwiftPackageReference "firebase-ios-sdk" */;
			productName = FirebaseDatabaseSwift;
		};
		82AA54DE2935600A00F442D6 /* FirebaseDynamicLinks */ = {
			isa = XCSwiftPackageProductDependency;
			package = 82AA54D72935600A00F442D6 /* XCRemoteSwiftPackageReference "firebase-ios-sdk" */;
			productName = FirebaseDynamicLinks;
		};
		82AA54E02935600A00F442D6 /* FirebaseFirestore */ = {
			isa = XCSwiftPackageProductDependency;
			package = 82AA54D72935600A00F442D6 /* XCRemoteSwiftPackageReference "firebase-ios-sdk" */;
			productName = FirebaseFirestore;
		};
		82AA54E22935600A00F442D6 /* FirebaseFirestoreCombine-Community */ = {
			isa = XCSwiftPackageProductDependency;
			package = 82AA54D72935600A00F442D6 /* XCRemoteSwiftPackageReference "firebase-ios-sdk" */;
			productName = "FirebaseFirestoreCombine-Community";
		};
		82AA54E42935600A00F442D6 /* FirebaseFirestoreSwift */ = {
			isa = XCSwiftPackageProductDependency;
			package = 82AA54D72935600A00F442D6 /* XCRemoteSwiftPackageReference "firebase-ios-sdk" */;
			productName = FirebaseFirestoreSwift;
		};
		82AA54E62935600A00F442D6 /* FirebaseFunctions */ = {
			isa = XCSwiftPackageProductDependency;
			package = 82AA54D72935600A00F442D6 /* XCRemoteSwiftPackageReference "firebase-ios-sdk" */;
			productName = FirebaseFunctions;
		};
		82AA54E82935600A00F442D6 /* FirebaseMessaging */ = {
			isa = XCSwiftPackageProductDependency;
			package = 82AA54D72935600A00F442D6 /* XCRemoteSwiftPackageReference "firebase-ios-sdk" */;
			productName = FirebaseMessaging;
		};
		82AA54EA2935600A00F442D6 /* FirebaseRemoteConfig */ = {
			isa = XCSwiftPackageProductDependency;
			package = 82AA54D72935600A00F442D6 /* XCRemoteSwiftPackageReference "firebase-ios-sdk" */;
			productName = FirebaseRemoteConfig;
		};
		82AA54EC2935600A00F442D6 /* FirebaseRemoteConfigSwift */ = {
			isa = XCSwiftPackageProductDependency;
			package = 82AA54D72935600A00F442D6 /* XCRemoteSwiftPackageReference "firebase-ios-sdk" */;
			productName = FirebaseRemoteConfigSwift;
		};
		82AA54EE2935600A00F442D6 /* FirebaseStorage */ = {
			isa = XCSwiftPackageProductDependency;
			package = 82AA54D72935600A00F442D6 /* XCRemoteSwiftPackageReference "firebase-ios-sdk" */;
			productName = FirebaseStorage;
		};
		82AA54F02935600A00F442D6 /* FirebaseStorageCombine-Community */ = {
			isa = XCSwiftPackageProductDependency;
			package = 82AA54D72935600A00F442D6 /* XCRemoteSwiftPackageReference "firebase-ios-sdk" */;
			productName = "FirebaseStorageCombine-Community";
		};
		82AA550929379CFC00F442D6 /* MessageKit */ = {
			isa = XCSwiftPackageProductDependency;
			package = 82AA550829379CFC00F442D6 /* XCRemoteSwiftPackageReference "MessageKit" */;
			productName = MessageKit;
		};
		82AA550C29379DB300F442D6 /* SDWebImage */ = {
			isa = XCSwiftPackageProductDependency;
			package = 82AA550B29379DB300F442D6 /* XCRemoteSwiftPackageReference "SDWebImage" */;
			productName = SDWebImage;
		};
		82AA550E29379DB300F442D6 /* SDWebImageMapKit */ = {
			isa = XCSwiftPackageProductDependency;
			package = 82AA550B29379DB300F442D6 /* XCRemoteSwiftPackageReference "SDWebImage" */;
			productName = SDWebImageMapKit;
		};
		82AA551129379E2400F442D6 /* JGProgressHUD */ = {
			isa = XCSwiftPackageProductDependency;
			package = 82AA551029379E2400F442D6 /* XCRemoteSwiftPackageReference "JGProgressHUD" */;
			productName = JGProgressHUD;
		};
		82AA55142937A4BE00F442D6 /* Realm */ = {
			isa = XCSwiftPackageProductDependency;
			package = 82AA55132937A4BE00F442D6 /* XCRemoteSwiftPackageReference "realm-swift" */;
			productName = Realm;
		};
		82AA55162937A4BE00F442D6 /* RealmSwift */ = {
			isa = XCSwiftPackageProductDependency;
			package = 82AA55132937A4BE00F442D6 /* XCRemoteSwiftPackageReference "realm-swift" */;
			productName = RealmSwift;
		};
/* End XCSwiftPackageProductDependency section */
	};
	rootObject = 82AA54B62935522A00F442D6 /* Project object */;
}
